
Microsoft Visual Studio Solution File, Format Version 12.00
# Visual Studio Version 17
VisualStudioVersion = 17.5.33502.453
MinimumVisualStudioVersion = 10.0.40219.1
Project("{FAE04EC0-301F-11D3-BF4B-00C04F79EFBC}") = "ConsoleApp32", "ConsoleApp32\ConsoleApp32.csproj", "{3E2F7BB5-7186-42C9-BBDE-A9CB3AFDC3B0}"
EndProject
Global
	GlobalSection(SolutionConfigurationPlatforms) = preSolution
		Debug|Any CPU = Debug|Any CPU
		Release|Any CPU = Release|Any CPU
	EndGlobalSection
	GlobalSection(ProjectConfigurationPlatforms) = postSolution
		{3E2F7BB5-7186-42C9-BBDE-A9CB3AFDC3B0}.Debug|Any CPU.ActiveCfg = Debug|Any CPU
		{3E2F7BB5-7186-42C9-BBDE-A9CB3AFDC3B0}.Debug|Any CPU.Build.0 = Debug|Any CPU
		{3E2F7BB5-7186-42C9-BBDE-A9CB3AFDC3B0}.Release|Any CPU.ActiveCfg = Release|Any CPU
		{3E2F7BB5-7186-42C9-BBDE-A9CB3AFDC3B0}.Release|Any CPU.Build.0 = Release|Any CPU
	EndGlobalSection
	GlobalSection(SolutionProperties) = preSolution
		HideSolutionNode = FALSE
	EndGlobalSection
	GlobalSection(ExtensibilityGlobals) = postSolution
		SolutionGuid = {BFA86EE4-8480-4AD8-9A28-DBC5ABF44F2A}
	EndGlobalSection
EndGlobal
